
Microsoft Visual Studio Solution File, Format Version 12.00
# Visual Studio Version 16
VisualStudioVersion = 16.0.29728.190
MinimumVisualStudioVersion = 10.0.40219.1
Project("{888888A0-9F3D-457C-B088-3A5042F75D52}") = "amadanBot", "amadanBot\amadanBot.pyproj", "{0A4CD562-420B-4A62-814A-E43E3E806AD5}"
EndProject
Global
	GlobalSection(SolutionConfigurationPlatforms) = preSolution
		Debug|Any CPU = Debug|Any CPU
		Release|Any CPU = Release|Any CPU
	EndGlobalSection
	GlobalSection(ProjectConfigurationPlatforms) = postSolution
		{0A4CD562-420B-4A62-814A-E43E3E806AD5}.Debug|Any CPU.ActiveCfg = Debug|Any CPU
		{0A4CD562-420B-4A62-814A-E43E3E806AD5}.Release|Any CPU.ActiveCfg = Release|Any CPU
	EndGlobalSection
	GlobalSection(SolutionProperties) = preSolution
		HideSolutionNode = FALSE
	EndGlobalSection
	GlobalSection(ExtensibilityGlobals) = postSolution
		SolutionGuid = {E86DB032-218E-4F19-979F-7401C4EF98B2}
	EndGlobalSection
EndGlobal
